
Microsoft Visual Studio Solution File, Format Version 12.00
# Visual Studio Version 17
VisualStudioVersion = 17.4.33122.133
MinimumVisualStudioVersion = 10.0.40219.1
Project("{2150E333-8FDC-42A3-9474-1A3956D46DE8}") = "01_CoreLanguage", "01_CoreLanguage", "{26A5262A-F637-447A-A8AD-259F79B32BD2}"
EndProject
Project("{8BC9CEB8-8B4A-11D0-8D11-00A0C91BC942}") = "01_tooSpecific", "01_CoreLanguage\01_tooSpecific\01_tooSpecific.vcxproj", "{D4353F66-13CC-4598-A9EF-0521AE7A093C}"
EndProject
Project("{8BC9CEB8-8B4A-11D0-8D11-00A0C91BC942}") = "02_tooGeneric", "01_CoreLanguage\02_tooGeneric\02_tooGeneric.vcxproj", "{2C24C4C1-D73D-4293-B011-B9DCA0F91C5D}"
EndProject
Project("{8BC9CEB8-8B4A-11D0-8D11-00A0C91BC942}") = "03_conceptsIntegralVariations", "01_CoreLanguage\03_conceptsIntegralVariations\03_conceptsIntegralVariations.vcxproj", "{24B066D2-D70A-4AC7-BFA4-98F16DCACEBF}"
EndProject
Project("{8BC9CEB8-8B4A-11D0-8D11-00A0C91BC942}") = "04_compileTimePredicate", "01_CoreLanguage\04_compileTimePredicate\04_compileTimePredicate.vcxproj", "{7092FF15-FE66-457B-8682-51021E2961A8}"
EndProject
Project("{8BC9CEB8-8B4A-11D0-8D11-00A0C91BC942}") = "05_conceptClassTemplate", "01_CoreLanguage\05_conceptClassTemplate\05_conceptClassTemplate.vcxproj", "{0610B026-1CE8-471A-AFA9-50893F79875F}"
EndProject
Project("{8BC9CEB8-8B4A-11D0-8D11-00A0C91BC942}") = "06_conceptMemberFunction", "01_CoreLanguage\06_conceptMemberFunction\06_conceptMemberFunction.vcxproj", "{438D00A4-5B14-4F2A-8F9E-3851AF497E75}"
EndProject
Project("{8BC9CEB8-8B4A-11D0-8D11-00A0C91BC942}") = "07_allAnyNone", "01_CoreLanguage\07_allAnyNone\07_allAnyNone.vcxproj", "{B890EED7-6A07-4574-A6F9-FB1E48EE0D15}"
EndProject
Project("{8BC9CEB8-8B4A-11D0-8D11-00A0C91BC942}") = "08_conceptsOverloadingFunctionTemplates", "01_CoreLanguage\08_conceptsOverloadingFunctionTemplates\08_conceptsOverloadingFunctionTemplates.vcxproj", "{2DCA8D93-DE5B-4018-94D5-41AFA59E39F3}"
EndProject
Project("{8BC9CEB8-8B4A-11D0-8D11-00A0C91BC942}") = "09_conceptsSpecialization", "01_CoreLanguage\09_conceptsSpecialization\09_conceptsSpecialization.vcxproj", "{42596B04-3239-4F97-AF47-443C474050FB}"
EndProject
Project("{8BC9CEB8-8B4A-11D0-8D11-00A0C91BC942}") = "10_genericLambdaTemplate", "01_CoreLanguage\10_genericLambdaTemplate\10_genericLambdaTemplate.vcxproj", "{DB78C6CA-029E-4366-B581-8661E1CCE190}"
EndProject
Project("{8BC9CEB8-8B4A-11D0-8D11-00A0C91BC942}") = "11_placeholders", "01_CoreLanguage\11_placeholders\11_placeholders.vcxproj", "{DF03A50C-C63C-44D5-BE86-0967526122AE}"
EndProject
Project("{8BC9CEB8-8B4A-11D0-8D11-00A0C91BC942}") = "12_abbreviatedFunctionTemplates", "01_CoreLanguage\12_abbreviatedFunctionTemplates\12_abbreviatedFunctionTemplates.vcxproj", "{04C2686F-CE81-4E22-89BA-980803A7DBD6}"
EndProject
Project("{8BC9CEB8-8B4A-11D0-8D11-00A0C91BC942}") = "13_conceptsOverloading", "01_CoreLanguage\13_conceptsOverloading\13_conceptsOverloading.vcxproj", "{B47C02BA-F955-49FC-8108-49311B37D332}"
EndProject
Project("{8BC9CEB8-8B4A-11D0-8D11-00A0C91BC942}") = "14_signedUnsignedIntegrals", "01_CoreLanguage\14_signedUnsignedIntegrals\14_signedUnsignedIntegrals.vcxproj", "{F417B769-811B-48BB-A9CE-FBFA68F97E75}"
EndProject
Project("{8BC9CEB8-8B4A-11D0-8D11-00A0C91BC942}") = "15_typeRequirements", "01_CoreLanguage\15_typeRequirements\15_typeRequirements.vcxproj", "{C27BBEEA-2410-4B3A-96D5-59322B39CAF4}"
EndProject
Project("{8BC9CEB8-8B4A-11D0-8D11-00A0C91BC942}") = "16_conceptsDefinitionEqual", "01_CoreLanguage\16_conceptsDefinitionEqual\16_conceptsDefinitionEqual.vcxproj", "{BD38C101-A5A7-40E1-8D0D-AFA4B5D4CB4A}"
EndProject
Project("{8BC9CEB8-8B4A-11D0-8D11-00A0C91BC942}") = "17_nestedRequirements", "01_CoreLanguage\17_nestedRequirements\17_nestedRequirements.vcxproj", "{167067DA-F3E2-4967-83B3-B841B9F7693A}"
EndProject
Project("{8BC9CEB8-8B4A-11D0-8D11-00A0C91BC942}") = "18_conceptsDefinitionOrdering", "01_CoreLanguage\18_conceptsDefinitionOrdering\18_conceptsDefinitionOrdering.vcxproj", "{ABBDCB61-2FCB-4262-8864-0CBED5415F2A}"
EndProject
Project("{8BC9CEB8-8B4A-11D0-8D11-00A0C91BC942}") = "19_regularSemiRegular", "01_CoreLanguage\19_regularSemiRegular\19_regularSemiRegular.vcxproj", "{0DB210E4-EC6B-426C-B8A3-AE66A696ECE3}"
EndProject
Project("{2150E333-8FDC-42A3-9474-1A3956D46DE8}") = "01b_Modules", "01b_Modules", "{86D1A4C2-12B3-44A3-8776-EAFC8621C408}"
EndProject
Project("{8BC9CEB8-8B4A-11D0-8D11-00A0C91BC942}") = "20_firstModuleUsageExample", "01_CoreLanguage\20_firstModuleUsageExample\20_firstModuleUsageExample.vcxproj", "{C6EDA061-8B54-42A3-940C-6A1BF94D08EE}"
EndProject
Project("{8BC9CEB8-8B4A-11D0-8D11-00A0C91BC942}") = "21_secondModuleUsageExample", "01_CoreLanguage\21_secondModuleUsageExample\21_secondModuleUsageExample.vcxproj", "{958988B3-38EE-4885-9EA6-B20B2EDAAEEC}"
EndProject
Project("{8BC9CEB8-8B4A-11D0-8D11-00A0C91BC942}") = "22_thirdModuleUsageExample", "01_CoreLanguage\22_thirdModuleUsageExample\22_thirdModuleUsageExample.vcxproj", "{2FA17D01-3553-4515-8428-4616D2983E26}"
EndProject
Project("{8BC9CEB8-8B4A-11D0-8D11-00A0C91BC942}") = "23_mathModule", "01_CoreLanguage\23_mathModule\23_mathModule\23_mathModule.vcxproj", "{F413747B-2D6B-4F8A-A568-FEDDCA0C2988}"
EndProject
Project("{8BC9CEB8-8B4A-11D0-8D11-00A0C91BC942}") = "24_testClient", "01_CoreLanguage\24_testClient\24_testClient.vcxproj", "{2D450654-68A3-473D-AB2D-8E7D550B35C1}"
EndProject
Project("{8BC9CEB8-8B4A-11D0-8D11-00A0C91BC942}") = "25_mathModuleWithSubmodules", "01_CoreLanguage\25_mathModuleWithSubmodules\25_mathModuleWithSubmodules.vcxproj", "{28AAC15F-C517-44BB-8EC6-1A82E440C06F}"
EndProject
Project("{8BC9CEB8-8B4A-11D0-8D11-00A0C91BC942}") = "26_mathModuleClient", "01_CoreLanguage\26_mathModuleClient\26_mathModuleClient.vcxproj", "{592EA63D-CBB4-4652-A98C-E4C7BD84704D}"
EndProject
Project("{8BC9CEB8-8B4A-11D0-8D11-00A0C91BC942}") = "27_mathModuleClient1", "01_CoreLanguage\27_mathModuleClient1\27_mathModuleClient1.vcxproj", "{B4C4C7E7-209C-4464-9A0D-B56CF5EF3DBC}"
EndProject
Global
	GlobalSection(SolutionConfigurationPlatforms) = preSolution
		Debug|x64 = Debug|x64
		Debug|x86 = Debug|x86
		Release|x64 = Release|x64
		Release|x86 = Release|x86
	EndGlobalSection
	GlobalSection(ProjectConfigurationPlatforms) = postSolution
		{D4353F66-13CC-4598-A9EF-0521AE7A093C}.Debug|x64.ActiveCfg = Debug|x64
		{D4353F66-13CC-4598-A9EF-0521AE7A093C}.Debug|x64.Build.0 = Debug|x64
		{D4353F66-13CC-4598-A9EF-0521AE7A093C}.Debug|x86.ActiveCfg = Debug|Win32
		{D4353F66-13CC-4598-A9EF-0521AE7A093C}.Debug|x86.Build.0 = Debug|Win32
		{D4353F66-13CC-4598-A9EF-0521AE7A093C}.Release|x64.ActiveCfg = Release|x64
		{D4353F66-13CC-4598-A9EF-0521AE7A093C}.Release|x64.Build.0 = Release|x64
		{D4353F66-13CC-4598-A9EF-0521AE7A093C}.Release|x86.ActiveCfg = Release|Win32
		{D4353F66-13CC-4598-A9EF-0521AE7A093C}.Release|x86.Build.0 = Release|Win32
		{2C24C4C1-D73D-4293-B011-B9DCA0F91C5D}.Debug|x64.ActiveCfg = Debug|x64
		{2C24C4C1-D73D-4293-B011-B9DCA0F91C5D}.Debug|x64.Build.0 = Debug|x64
		{2C24C4C1-D73D-4293-B011-B9DCA0F91C5D}.Debug|x86.ActiveCfg = Debug|Win32
		{2C24C4C1-D73D-4293-B011-B9DCA0F91C5D}.Debug|x86.Build.0 = Debug|Win32
		{2C24C4C1-D73D-4293-B011-B9DCA0F91C5D}.Release|x64.ActiveCfg = Release|x64
		{2C24C4C1-D73D-4293-B011-B9DCA0F91C5D}.Release|x64.Build.0 = Release|x64
		{2C24C4C1-D73D-4293-B011-B9DCA0F91C5D}.Release|x86.ActiveCfg = Release|Win32
		{2C24C4C1-D73D-4293-B011-B9DCA0F91C5D}.Release|x86.Build.0 = Release|Win32
		{24B066D2-D70A-4AC7-BFA4-98F16DCACEBF}.Debug|x64.ActiveCfg = Debug|x64
		{24B066D2-D70A-4AC7-BFA4-98F16DCACEBF}.Debug|x64.Build.0 = Debug|x64
		{24B066D2-D70A-4AC7-BFA4-98F16DCACEBF}.Debug|x86.ActiveCfg = Debug|Win32
		{24B066D2-D70A-4AC7-BFA4-98F16DCACEBF}.Debug|x86.Build.0 = Debug|Win32
		{24B066D2-D70A-4AC7-BFA4-98F16DCACEBF}.Release|x64.ActiveCfg = Release|x64
		{24B066D2-D70A-4AC7-BFA4-98F16DCACEBF}.Release|x64.Build.0 = Release|x64
		{24B066D2-D70A-4AC7-BFA4-98F16DCACEBF}.Release|x86.ActiveCfg = Release|Win32
		{24B066D2-D70A-4AC7-BFA4-98F16DCACEBF}.Release|x86.Build.0 = Release|Win32
		{7092FF15-FE66-457B-8682-51021E2961A8}.Debug|x64.ActiveCfg = Debug|x64
		{7092FF15-FE66-457B-8682-51021E2961A8}.Debug|x64.Build.0 = Debug|x64
		{7092FF15-FE66-457B-8682-51021E2961A8}.Debug|x86.ActiveCfg = Debug|Win32
		{7092FF15-FE66-457B-8682-51021E2961A8}.Debug|x86.Build.0 = Debug|Win32
		{7092FF15-FE66-457B-8682-51021E2961A8}.Release|x64.ActiveCfg = Release|x64
		{7092FF15-FE66-457B-8682-51021E2961A8}.Release|x64.Build.0 = Release|x64
		{7092FF15-FE66-457B-8682-51021E2961A8}.Release|x86.ActiveCfg = Release|Win32
		{7092FF15-FE66-457B-8682-51021E2961A8}.Release|x86.Build.0 = Release|Win32
		{0610B026-1CE8-471A-AFA9-50893F79875F}.Debug|x64.ActiveCfg = Debug|x64
		{0610B026-1CE8-471A-AFA9-50893F79875F}.Debug|x64.Build.0 = Debug|x64
		{0610B026-1CE8-471A-AFA9-50893F79875F}.Debug|x86.ActiveCfg = Debug|Win32
		{0610B026-1CE8-471A-AFA9-50893F79875F}.Debug|x86.Build.0 = Debug|Win32
		{0610B026-1CE8-471A-AFA9-50893F79875F}.Release|x64.ActiveCfg = Release|x64
		{0610B026-1CE8-471A-AFA9-50893F79875F}.Release|x64.Build.0 = Release|x64
		{0610B026-1CE8-471A-AFA9-50893F79875F}.Release|x86.ActiveCfg = Release|Win32
		{0610B026-1CE8-471A-AFA9-50893F79875F}.Release|x86.Build.0 = Release|Win32
		{438D00A4-5B14-4F2A-8F9E-3851AF497E75}.Debug|x64.ActiveCfg = Debug|x64
		{438D00A4-5B14-4F2A-8F9E-3851AF497E75}.Debug|x64.Build.0 = Debug|x64
		{438D00A4-5B14-4F2A-8F9E-3851AF497E75}.Debug|x86.ActiveCfg = Debug|Win32
		{438D00A4-5B14-4F2A-8F9E-3851AF497E75}.Debug|x86.Build.0 = Debug|Win32
		{438D00A4-5B14-4F2A-8F9E-3851AF497E75}.Release|x64.ActiveCfg = Release|x64
		{438D00A4-5B14-4F2A-8F9E-3851AF497E75}.Release|x64.Build.0 = Release|x64
		{438D00A4-5B14-4F2A-8F9E-3851AF497E75}.Release|x86.ActiveCfg = Release|Win32
		{438D00A4-5B14-4F2A-8F9E-3851AF497E75}.Release|x86.Build.0 = Release|Win32
		{B890EED7-6A07-4574-A6F9-FB1E48EE0D15}.Debug|x64.ActiveCfg = Debug|x64
		{B890EED7-6A07-4574-A6F9-FB1E48EE0D15}.Debug|x64.Build.0 = Debug|x64
		{B890EED7-6A07-4574-A6F9-FB1E48EE0D15}.Debug|x86.ActiveCfg = Debug|Win32
		{B890EED7-6A07-4574-A6F9-FB1E48EE0D15}.Debug|x86.Build.0 = Debug|Win32
		{B890EED7-6A07-4574-A6F9-FB1E48EE0D15}.Release|x64.ActiveCfg = Release|x64
		{B890EED7-6A07-4574-A6F9-FB1E48EE0D15}.Release|x64.Build.0 = Release|x64
		{B890EED7-6A07-4574-A6F9-FB1E48EE0D15}.Release|x86.ActiveCfg = Release|Win32
		{B890EED7-6A07-4574-A6F9-FB1E48EE0D15}.Release|x86.Build.0 = Release|Win32
		{2DCA8D93-DE5B-4018-94D5-41AFA59E39F3}.Debug|x64.ActiveCfg = Debug|x64
		{2DCA8D93-DE5B-4018-94D5-41AFA59E39F3}.Debug|x64.Build.0 = Debug|x64
		{2DCA8D93-DE5B-4018-94D5-41AFA59E39F3}.Debug|x86.ActiveCfg = Debug|Win32
		{2DCA8D93-DE5B-4018-94D5-41AFA59E39F3}.Debug|x86.Build.0 = Debug|Win32
		{2DCA8D93-DE5B-4018-94D5-41AFA59E39F3}.Release|x64.ActiveCfg = Release|x64
		{2DCA8D93-DE5B-4018-94D5-41AFA59E39F3}.Release|x64.Build.0 = Release|x64
		{2DCA8D93-DE5B-4018-94D5-41AFA59E39F3}.Release|x86.ActiveCfg = Release|Win32
		{2DCA8D93-DE5B-4018-94D5-41AFA59E39F3}.Release|x86.Build.0 = Release|Win32
		{42596B04-3239-4F97-AF47-443C474050FB}.Debug|x64.ActiveCfg = Debug|x64
		{42596B04-3239-4F97-AF47-443C474050FB}.Debug|x64.Build.0 = Debug|x64
		{42596B04-3239-4F97-AF47-443C474050FB}.Debug|x86.ActiveCfg = Debug|Win32
		{42596B04-3239-4F97-AF47-443C474050FB}.Debug|x86.Build.0 = Debug|Win32
		{42596B04-3239-4F97-AF47-443C474050FB}.Release|x64.ActiveCfg = Release|x64
		{42596B04-3239-4F97-AF47-443C474050FB}.Release|x64.Build.0 = Release|x64
		{42596B04-3239-4F97-AF47-443C474050FB}.Release|x86.ActiveCfg = Release|Win32
		{42596B04-3239-4F97-AF47-443C474050FB}.Release|x86.Build.0 = Release|Win32
		{DB78C6CA-029E-4366-B581-8661E1CCE190}.Debug|x64.ActiveCfg = Debug|x64
		{DB78C6CA-029E-4366-B581-8661E1CCE190}.Debug|x64.Build.0 = Debug|x64
		{DB78C6CA-029E-4366-B581-8661E1CCE190}.Debug|x86.ActiveCfg = Debug|Win32
		{DB78C6CA-029E-4366-B581-8661E1CCE190}.Debug|x86.Build.0 = Debug|Win32
		{DB78C6CA-029E-4366-B581-8661E1CCE190}.Release|x64.ActiveCfg = Release|x64
		{DB78C6CA-029E-4366-B581-8661E1CCE190}.Release|x64.Build.0 = Release|x64
		{DB78C6CA-029E-4366-B581-8661E1CCE190}.Release|x86.ActiveCfg = Release|Win32
		{DB78C6CA-029E-4366-B581-8661E1CCE190}.Release|x86.Build.0 = Release|Win32
		{DF03A50C-C63C-44D5-BE86-0967526122AE}.Debug|x64.ActiveCfg = Debug|x64
		{DF03A50C-C63C-44D5-BE86-0967526122AE}.Debug|x64.Build.0 = Debug|x64
		{DF03A50C-C63C-44D5-BE86-0967526122AE}.Debug|x86.ActiveCfg = Debug|Win32
		{DF03A50C-C63C-44D5-BE86-0967526122AE}.Debug|x86.Build.0 = Debug|Win32
		{DF03A50C-C63C-44D5-BE86-0967526122AE}.Release|x64.ActiveCfg = Release|x64
		{DF03A50C-C63C-44D5-BE86-0967526122AE}.Release|x64.Build.0 = Release|x64
		{DF03A50C-C63C-44D5-BE86-0967526122AE}.Release|x86.ActiveCfg = Release|Win32
		{DF03A50C-C63C-44D5-BE86-0967526122AE}.Release|x86.Build.0 = Release|Win32
		{04C2686F-CE81-4E22-89BA-980803A7DBD6}.Debug|x64.ActiveCfg = Debug|x64
		{04C2686F-CE81-4E22-89BA-980803A7DBD6}.Debug|x64.Build.0 = Debug|x64
		{04C2686F-CE81-4E22-89BA-980803A7DBD6}.Debug|x86.ActiveCfg = Debug|Win32
		{04C2686F-CE81-4E22-89BA-980803A7DBD6}.Debug|x86.Build.0 = Debug|Win32
		{04C2686F-CE81-4E22-89BA-980803A7DBD6}.Release|x64.ActiveCfg = Release|x64
		{04C2686F-CE81-4E22-89BA-980803A7DBD6}.Release|x64.Build.0 = Release|x64
		{04C2686F-CE81-4E22-89BA-980803A7DBD6}.Release|x86.ActiveCfg = Release|Win32
		{04C2686F-CE81-4E22-89BA-980803A7DBD6}.Release|x86.Build.0 = Release|Win32
		{B47C02BA-F955-49FC-8108-49311B37D332}.Debug|x64.ActiveCfg = Debug|x64
		{B47C02BA-F955-49FC-8108-49311B37D332}.Debug|x64.Build.0 = Debug|x64
		{B47C02BA-F955-49FC-8108-49311B37D332}.Debug|x86.ActiveCfg = Debug|Win32
		{B47C02BA-F955-49FC-8108-49311B37D332}.Debug|x86.Build.0 = Debug|Win32
		{B47C02BA-F955-49FC-8108-49311B37D332}.Release|x64.ActiveCfg = Release|x64
		{B47C02BA-F955-49FC-8108-49311B37D332}.Release|x64.Build.0 = Release|x64
		{B47C02BA-F955-49FC-8108-49311B37D332}.Release|x86.ActiveCfg = Release|Win32
		{B47C02BA-F955-49FC-8108-49311B37D332}.Release|x86.Build.0 = Release|Win32
		{F417B769-811B-48BB-A9CE-FBFA68F97E75}.Debug|x64.ActiveCfg = Debug|x64
		{F417B769-811B-48BB-A9CE-FBFA68F97E75}.Debug|x64.Build.0 = Debug|x64
		{F417B769-811B-48BB-A9CE-FBFA68F97E75}.Debug|x86.ActiveCfg = Debug|Win32
		{F417B769-811B-48BB-A9CE-FBFA68F97E75}.Debug|x86.Build.0 = Debug|Win32
		{F417B769-811B-48BB-A9CE-FBFA68F97E75}.Release|x64.ActiveCfg = Release|x64
		{F417B769-811B-48BB-A9CE-FBFA68F97E75}.Release|x64.Build.0 = Release|x64
		{F417B769-811B-48BB-A9CE-FBFA68F97E75}.Release|x86.ActiveCfg = Release|Win32
		{F417B769-811B-48BB-A9CE-FBFA68F97E75}.Release|x86.Build.0 = Release|Win32
		{C27BBEEA-2410-4B3A-96D5-59322B39CAF4}.Debug|x64.ActiveCfg = Debug|x64
		{C27BBEEA-2410-4B3A-96D5-59322B39CAF4}.Debug|x64.Build.0 = Debug|x64
		{C27BBEEA-2410-4B3A-96D5-59322B39CAF4}.Debug|x86.ActiveCfg = Debug|Win32
		{C27BBEEA-2410-4B3A-96D5-59322B39CAF4}.Debug|x86.Build.0 = Debug|Win32
		{C27BBEEA-2410-4B3A-96D5-59322B39CAF4}.Release|x64.ActiveCfg = Release|x64
		{C27BBEEA-2410-4B3A-96D5-59322B39CAF4}.Release|x64.Build.0 = Release|x64
		{C27BBEEA-2410-4B3A-96D5-59322B39CAF4}.Release|x86.ActiveCfg = Release|Win32
		{C27BBEEA-2410-4B3A-96D5-59322B39CAF4}.Release|x86.Build.0 = Release|Win32
		{BD38C101-A5A7-40E1-8D0D-AFA4B5D4CB4A}.Debug|x64.ActiveCfg = Debug|x64
		{BD38C101-A5A7-40E1-8D0D-AFA4B5D4CB4A}.Debug|x64.Build.0 = Debug|x64
		{BD38C101-A5A7-40E1-8D0D-AFA4B5D4CB4A}.Debug|x86.ActiveCfg = Debug|Win32
		{BD38C101-A5A7-40E1-8D0D-AFA4B5D4CB4A}.Debug|x86.Build.0 = Debug|Win32
		{BD38C101-A5A7-40E1-8D0D-AFA4B5D4CB4A}.Release|x64.ActiveCfg = Release|x64
		{BD38C101-A5A7-40E1-8D0D-AFA4B5D4CB4A}.Release|x64.Build.0 = Release|x64
		{BD38C101-A5A7-40E1-8D0D-AFA4B5D4CB4A}.Release|x86.ActiveCfg = Release|Win32
		{BD38C101-A5A7-40E1-8D0D-AFA4B5D4CB4A}.Release|x86.Build.0 = Release|Win32
		{167067DA-F3E2-4967-83B3-B841B9F7693A}.Debug|x64.ActiveCfg = Debug|x64
		{167067DA-F3E2-4967-83B3-B841B9F7693A}.Debug|x64.Build.0 = Debug|x64
		{167067DA-F3E2-4967-83B3-B841B9F7693A}.Debug|x86.ActiveCfg = Debug|Win32
		{167067DA-F3E2-4967-83B3-B841B9F7693A}.Debug|x86.Build.0 = Debug|Win32
		{167067DA-F3E2-4967-83B3-B841B9F7693A}.Release|x64.ActiveCfg = Release|x64
		{167067DA-F3E2-4967-83B3-B841B9F7693A}.Release|x64.Build.0 = Release|x64
		{167067DA-F3E2-4967-83B3-B841B9F7693A}.Release|x86.ActiveCfg = Release|Win32
		{167067DA-F3E2-4967-83B3-B841B9F7693A}.Release|x86.Build.0 = Release|Win32
		{ABBDCB61-2FCB-4262-8864-0CBED5415F2A}.Debug|x64.ActiveCfg = Debug|x64
		{ABBDCB61-2FCB-4262-8864-0CBED5415F2A}.Debug|x64.Build.0 = Debug|x64
		{ABBDCB61-2FCB-4262-8864-0CBED5415F2A}.Debug|x86.ActiveCfg = Debug|Win32
		{ABBDCB61-2FCB-4262-8864-0CBED5415F2A}.Debug|x86.Build.0 = Debug|Win32
		{ABBDCB61-2FCB-4262-8864-0CBED5415F2A}.Release|x64.ActiveCfg = Release|x64
		{ABBDCB61-2FCB-4262-8864-0CBED5415F2A}.Release|x64.Build.0 = Release|x64
		{ABBDCB61-2FCB-4262-8864-0CBED5415F2A}.Release|x86.ActiveCfg = Release|Win32
		{ABBDCB61-2FCB-4262-8864-0CBED5415F2A}.Release|x86.Build.0 = Release|Win32
		{0DB210E4-EC6B-426C-B8A3-AE66A696ECE3}.Debug|x64.ActiveCfg = Debug|x64
		{0DB210E4-EC6B-426C-B8A3-AE66A696ECE3}.Debug|x64.Build.0 = Debug|x64
		{0DB210E4-EC6B-426C-B8A3-AE66A696ECE3}.Debug|x86.ActiveCfg = Debug|Win32
		{0DB210E4-EC6B-426C-B8A3-AE66A696ECE3}.Debug|x86.Build.0 = Debug|Win32
		{0DB210E4-EC6B-426C-B8A3-AE66A696ECE3}.Release|x64.ActiveCfg = Release|x64
		{0DB210E4-EC6B-426C-B8A3-AE66A696ECE3}.Release|x64.Build.0 = Release|x64
		{0DB210E4-EC6B-426C-B8A3-AE66A696ECE3}.Release|x86.ActiveCfg = Release|Win32
		{0DB210E4-EC6B-426C-B8A3-AE66A696ECE3}.Release|x86.Build.0 = Release|Win32
		{C6EDA061-8B54-42A3-940C-6A1BF94D08EE}.Debug|x64.ActiveCfg = Debug|x64
		{C6EDA061-8B54-42A3-940C-6A1BF94D08EE}.Debug|x64.Build.0 = Debug|x64
		{C6EDA061-8B54-42A3-940C-6A1BF94D08EE}.Debug|x86.ActiveCfg = Debug|Win32
		{C6EDA061-8B54-42A3-940C-6A1BF94D08EE}.Debug|x86.Build.0 = Debug|Win32
		{C6EDA061-8B54-42A3-940C-6A1BF94D08EE}.Release|x64.ActiveCfg = Release|x64
		{C6EDA061-8B54-42A3-940C-6A1BF94D08EE}.Release|x64.Build.0 = Release|x64
		{C6EDA061-8B54-42A3-940C-6A1BF94D08EE}.Release|x86.ActiveCfg = Release|Win32
		{C6EDA061-8B54-42A3-940C-6A1BF94D08EE}.Release|x86.Build.0 = Release|Win32
		{958988B3-38EE-4885-9EA6-B20B2EDAAEEC}.Debug|x64.ActiveCfg = Debug|x64
		{958988B3-38EE-4885-9EA6-B20B2EDAAEEC}.Debug|x64.Build.0 = Debug|x64
		{958988B3-38EE-4885-9EA6-B20B2EDAAEEC}.Debug|x86.ActiveCfg = Debug|Win32
		{958988B3-38EE-4885-9EA6-B20B2EDAAEEC}.Debug|x86.Build.0 = Debug|Win32
		{958988B3-38EE-4885-9EA6-B20B2EDAAEEC}.Release|x64.ActiveCfg = Release|x64
		{958988B3-38EE-4885-9EA6-B20B2EDAAEEC}.Release|x64.Build.0 = Release|x64
		{958988B3-38EE-4885-9EA6-B20B2EDAAEEC}.Release|x86.ActiveCfg = Release|Win32
		{958988B3-38EE-4885-9EA6-B20B2EDAAEEC}.Release|x86.Build.0 = Release|Win32
		{2FA17D01-3553-4515-8428-4616D2983E26}.Debug|x64.ActiveCfg = Debug|x64
		{2FA17D01-3553-4515-8428-4616D2983E26}.Debug|x64.Build.0 = Debug|x64
		{2FA17D01-3553-4515-8428-4616D2983E26}.Debug|x86.ActiveCfg = Debug|Win32
		{2FA17D01-3553-4515-8428-4616D2983E26}.Debug|x86.Build.0 = Debug|Win32
		{2FA17D01-3553-4515-8428-4616D2983E26}.Release|x64.ActiveCfg = Release|x64
		{2FA17D01-3553-4515-8428-4616D2983E26}.Release|x64.Build.0 = Release|x64
		{2FA17D01-3553-4515-8428-4616D2983E26}.Release|x86.ActiveCfg = Release|Win32
		{2FA17D01-3553-4515-8428-4616D2983E26}.Release|x86.Build.0 = Release|Win32
		{F413747B-2D6B-4F8A-A568-FEDDCA0C2988}.Debug|x64.ActiveCfg = Debug|x64
		{F413747B-2D6B-4F8A-A568-FEDDCA0C2988}.Debug|x64.Build.0 = Debug|x64
		{F413747B-2D6B-4F8A-A568-FEDDCA0C2988}.Debug|x86.ActiveCfg = Debug|Win32
		{F413747B-2D6B-4F8A-A568-FEDDCA0C2988}.Debug|x86.Build.0 = Debug|Win32
		{F413747B-2D6B-4F8A-A568-FEDDCA0C2988}.Release|x64.ActiveCfg = Release|x64
		{F413747B-2D6B-4F8A-A568-FEDDCA0C2988}.Release|x64.Build.0 = Release|x64
		{F413747B-2D6B-4F8A-A568-FEDDCA0C2988}.Release|x86.ActiveCfg = Release|Win32
		{F413747B-2D6B-4F8A-A568-FEDDCA0C2988}.Release|x86.Build.0 = Release|Win32
		{2D450654-68A3-473D-AB2D-8E7D550B35C1}.Debug|x64.ActiveCfg = Debug|x64
		{2D450654-68A3-473D-AB2D-8E7D550B35C1}.Debug|x64.Build.0 = Debug|x64
		{2D450654-68A3-473D-AB2D-8E7D550B35C1}.Debug|x86.ActiveCfg = Debug|Win32
		{2D450654-68A3-473D-AB2D-8E7D550B35C1}.Debug|x86.Build.0 = Debug|Win32
		{2D450654-68A3-473D-AB2D-8E7D550B35C1}.Release|x64.ActiveCfg = Release|x64
		{2D450654-68A3-473D-AB2D-8E7D550B35C1}.Release|x64.Build.0 = Release|x64
		{2D450654-68A3-473D-AB2D-8E7D550B35C1}.Release|x86.ActiveCfg = Release|Win32
		{2D450654-68A3-473D-AB2D-8E7D550B35C1}.Release|x86.Build.0 = Release|Win32
		{28AAC15F-C517-44BB-8EC6-1A82E440C06F}.Debug|x64.ActiveCfg = Debug|x64
		{28AAC15F-C517-44BB-8EC6-1A82E440C06F}.Debug|x64.Build.0 = Debug|x64
		{28AAC15F-C517-44BB-8EC6-1A82E440C06F}.Debug|x86.ActiveCfg = Debug|Win32
		{28AAC15F-C517-44BB-8EC6-1A82E440C06F}.Debug|x86.Build.0 = Debug|Win32
		{28AAC15F-C517-44BB-8EC6-1A82E440C06F}.Release|x64.ActiveCfg = Release|x64
		{28AAC15F-C517-44BB-8EC6-1A82E440C06F}.Release|x64.Build.0 = Release|x64
		{28AAC15F-C517-44BB-8EC6-1A82E440C06F}.Release|x86.ActiveCfg = Release|Win32
		{28AAC15F-C517-44BB-8EC6-1A82E440C06F}.Release|x86.Build.0 = Release|Win32
		{592EA63D-CBB4-4652-A98C-E4C7BD84704D}.Debug|x64.ActiveCfg = Debug|x64
		{592EA63D-CBB4-4652-A98C-E4C7BD84704D}.Debug|x64.Build.0 = Debug|x64
		{592EA63D-CBB4-4652-A98C-E4C7BD84704D}.Debug|x86.ActiveCfg = Debug|Win32
		{592EA63D-CBB4-4652-A98C-E4C7BD84704D}.Debug|x86.Build.0 = Debug|Win32
		{592EA63D-CBB4-4652-A98C-E4C7BD84704D}.Release|x64.ActiveCfg = Release|x64
		{592EA63D-CBB4-4652-A98C-E4C7BD84704D}.Release|x64.Build.0 = Release|x64
		{592EA63D-CBB4-4652-A98C-E4C7BD84704D}.Release|x86.ActiveCfg = Release|Win32
		{592EA63D-CBB4-4652-A98C-E4C7BD84704D}.Release|x86.Build.0 = Release|Win32
		{B4C4C7E7-209C-4464-9A0D-B56CF5EF3DBC}.Debug|x64.ActiveCfg = Debug|x64
		{B4C4C7E7-209C-4464-9A0D-B56CF5EF3DBC}.Debug|x64.Build.0 = Debug|x64
		{B4C4C7E7-209C-4464-9A0D-B56CF5EF3DBC}.Debug|x86.ActiveCfg = Debug|Win32
		{B4C4C7E7-209C-4464-9A0D-B56CF5EF3DBC}.Debug|x86.Build.0 = Debug|Win32
		{B4C4C7E7-209C-4464-9A0D-B56CF5EF3DBC}.Release|x64.ActiveCfg = Release|x64
		{B4C4C7E7-209C-4464-9A0D-B56CF5EF3DBC}.Release|x64.Build.0 = Release|x64
		{B4C4C7E7-209C-4464-9A0D-B56CF5EF3DBC}.Release|x86.ActiveCfg = Release|Win32
		{B4C4C7E7-209C-4464-9A0D-B56CF5EF3DBC}.Release|x86.Build.0 = Release|Win32
	EndGlobalSection
	GlobalSection(SolutionProperties) = preSolution
		HideSolutionNode = FALSE
	EndGlobalSection
	GlobalSection(NestedProjects) = preSolution
		{D4353F66-13CC-4598-A9EF-0521AE7A093C} = {26A5262A-F637-447A-A8AD-259F79B32BD2}
		{2C24C4C1-D73D-4293-B011-B9DCA0F91C5D} = {26A5262A-F637-447A-A8AD-259F79B32BD2}
		{24B066D2-D70A-4AC7-BFA4-98F16DCACEBF} = {26A5262A-F637-447A-A8AD-259F79B32BD2}
		{7092FF15-FE66-457B-8682-51021E2961A8} = {26A5262A-F637-447A-A8AD-259F79B32BD2}
		{0610B026-1CE8-471A-AFA9-50893F79875F} = {26A5262A-F637-447A-A8AD-259F79B32BD2}
		{438D00A4-5B14-4F2A-8F9E-3851AF497E75} = {26A5262A-F637-447A-A8AD-259F79B32BD2}
		{B890EED7-6A07-4574-A6F9-FB1E48EE0D15} = {26A5262A-F637-447A-A8AD-259F79B32BD2}
		{2DCA8D93-DE5B-4018-94D5-41AFA59E39F3} = {26A5262A-F637-447A-A8AD-259F79B32BD2}
		{42596B04-3239-4F97-AF47-443C474050FB} = {26A5262A-F637-447A-A8AD-259F79B32BD2}
		{DB78C6CA-029E-4366-B581-8661E1CCE190} = {26A5262A-F637-447A-A8AD-259F79B32BD2}
		{DF03A50C-C63C-44D5-BE86-0967526122AE} = {26A5262A-F637-447A-A8AD-259F79B32BD2}
		{04C2686F-CE81-4E22-89BA-980803A7DBD6} = {26A5262A-F637-447A-A8AD-259F79B32BD2}
		{B47C02BA-F955-49FC-8108-49311B37D332} = {26A5262A-F637-447A-A8AD-259F79B32BD2}
		{F417B769-811B-48BB-A9CE-FBFA68F97E75} = {26A5262A-F637-447A-A8AD-259F79B32BD2}
		{C27BBEEA-2410-4B3A-96D5-59322B39CAF4} = {26A5262A-F637-447A-A8AD-259F79B32BD2}
		{BD38C101-A5A7-40E1-8D0D-AFA4B5D4CB4A} = {26A5262A-F637-447A-A8AD-259F79B32BD2}
		{167067DA-F3E2-4967-83B3-B841B9F7693A} = {26A5262A-F637-447A-A8AD-259F79B32BD2}
		{ABBDCB61-2FCB-4262-8864-0CBED5415F2A} = {26A5262A-F637-447A-A8AD-259F79B32BD2}
		{0DB210E4-EC6B-426C-B8A3-AE66A696ECE3} = {26A5262A-F637-447A-A8AD-259F79B32BD2}
		{C6EDA061-8B54-42A3-940C-6A1BF94D08EE} = {86D1A4C2-12B3-44A3-8776-EAFC8621C408}
		{958988B3-38EE-4885-9EA6-B20B2EDAAEEC} = {86D1A4C2-12B3-44A3-8776-EAFC8621C408}
		{2FA17D01-3553-4515-8428-4616D2983E26} = {86D1A4C2-12B3-44A3-8776-EAFC8621C408}
		{F413747B-2D6B-4F8A-A568-FEDDCA0C2988} = {86D1A4C2-12B3-44A3-8776-EAFC8621C408}
		{2D450654-68A3-473D-AB2D-8E7D550B35C1} = {86D1A4C2-12B3-44A3-8776-EAFC8621C408}
		{28AAC15F-C517-44BB-8EC6-1A82E440C06F} = {86D1A4C2-12B3-44A3-8776-EAFC8621C408}
		{592EA63D-CBB4-4652-A98C-E4C7BD84704D} = {86D1A4C2-12B3-44A3-8776-EAFC8621C408}
		{B4C4C7E7-209C-4464-9A0D-B56CF5EF3DBC} = {86D1A4C2-12B3-44A3-8776-EAFC8621C408}
	EndGlobalSection
	GlobalSection(ExtensibilityGlobals) = postSolution
		SolutionGuid = {EEA71244-81A7-47C9-8E03-960A8045E009}
	EndGlobalSection
EndGlobal
